{
  "name": "biii",
  "version": "0.1.0",
  "lockfileVersion": 3,
  "requires": true,
  "packages": {
    "": {
      "name": "biii",
      "version": "0.1.0",
      "dependencies": {
        "trust-core": "file:../trust-core"
      },
      "bin": {
        "biii-mcp": "bin/biii-mcp.js"
      },
      "engines": {
        "node": ">=18"
      }
    },
    "../trust-core": {
      "version": "0.1.0",
      "license": "MIT",
      "engines": {
        "node": ">=18"
      }
    },
    "node_modules/trust-core": {
      "resolved": "../trust-core",
      "link": true
    }
  }
}
