{
  "name": "biii",
  "version": "0.1.0",
  "lockfileVersion": 3,
  "requires": true,
  "packages": {
    "": {
      "name": "biii",
      "version": "0.1.0",
      "dependencies": {
        "trust-core": "file:./vendor/trust-core"
      },
      "bin": {
        "biii-mcp": "bin/biii-mcp.js"
      },
      "engines": {
        "node": ">=18"
      }
    },
    "../trust-core": {
      "version": "0.1.0",
      "extraneous": true,
      "license": "MIT",
      "engines": {
        "node": ">=18"
      }
    },
    "node_modules/trust-core": {
      "resolved": "vendor/trust-core",
      "link": true
    },
    "vendor/trust-core": {
      "version": "0.1.0",
      "license": "MIT"
    }
  }
}
